
Microsoft Visual Studio Solution File, Format Version 12.00
# Visual Studio Version 17
VisualStudioVersion = 17.9.34728.123
MinimumVisualStudioVersion = 10.0.40219.1
Project("{FAE04EC0-301F-11D3-BF4B-00C04F79EFBC}") = "WebApp2", "WebApp2\WebApp2.csproj", "{D4CD77B5-0F17-4574-B60E-98AE9C43BEE7}"
EndProject
Global
	GlobalSection(SolutionConfigurationPlatforms) = preSolution
		Debug|Any CPU = Debug|Any CPU
		Release|Any CPU = Release|Any CPU
	EndGlobalSection
	GlobalSection(ProjectConfigurationPlatforms) = postSolution
		{D4CD77B5-0F17-4574-B60E-98AE9C43BEE7}.Debug|Any CPU.ActiveCfg = Debug|Any CPU
		{D4CD77B5-0F17-4574-B60E-98AE9C43BEE7}.Debug|Any CPU.Build.0 = Debug|Any CPU
		{D4CD77B5-0F17-4574-B60E-98AE9C43BEE7}.Release|Any CPU.ActiveCfg = Release|Any CPU
		{D4CD77B5-0F17-4574-B60E-98AE9C43BEE7}.Release|Any CPU.Build.0 = Release|Any CPU
	EndGlobalSection
	GlobalSection(SolutionProperties) = preSolution
		HideSolutionNode = FALSE
	EndGlobalSection
	GlobalSection(ExtensibilityGlobals) = postSolution
		SolutionGuid = {87833A0F-54CA-4502-B5BD-1F0666DADCFD}
	EndGlobalSection
EndGlobal
